
Microsoft Visual Studio Solution File, Format Version 12.00
# Visual Studio Version 17
VisualStudioVersion = 17.0.31903.59
MinimumVisualStudioVersion = 10.0.40219.1
Project("{2150E333-8FDC-42A3-9474-1A3956D46DE8}") = "src", "src", "{827E0CD3-B72D-47B6-A68D-7590B98EB39B}"
EndProject
Project("{2150E333-8FDC-42A3-9474-1A3956D46DE8}") = "Api", "Api", "{81034408-37C8-1011-444E-4C15C2FADA8E}"
EndProject
Project("{FAE04EC0-301F-11D3-BF4B-00C04F79EFBC}") = "SafeSignal.Cloud.Api", "src\Api\SafeSignal.Cloud.Api.csproj", "{DC9E8E24-004B-4113-AAA1-BD20EBF66048}"
EndProject
Project("{2150E333-8FDC-42A3-9474-1A3956D46DE8}") = "Core", "Core", "{8D626EA8-CB54-BC41-363A-217881BEBA6E}"
EndProject
Project("{FAE04EC0-301F-11D3-BF4B-00C04F79EFBC}") = "SafeSignal.Cloud.Core", "src\Core\SafeSignal.Cloud.Core.csproj", "{6C3A4CB1-1C65-4E4D-8826-F7CD033A9377}"
EndProject
Project("{2150E333-8FDC-42A3-9474-1A3956D46DE8}") = "Infrastructure", "Infrastructure", "{9048EB7F-3875-A59E-E36B-5BD4C6F2A282}"
EndProject
Project("{FAE04EC0-301F-11D3-BF4B-00C04F79EFBC}") = "SafeSignal.Cloud.Infrastructure", "src\Infrastructure\SafeSignal.Cloud.Infrastructure.csproj", "{8AD43BA1-544B-4C92-8BA4-84AB08E94CDF}"
EndProject
Project("{2150E333-8FDC-42A3-9474-1A3956D46DE8}") = "tests", "tests", "{0AB3BF05-4346-4AA6-1389-037BE0695223}"
EndProject
Project("{FAE04EC0-301F-11D3-BF4B-00C04F79EFBC}") = "SafeSignal.Cloud.Tests", "tests\SafeSignal.Cloud.Tests.csproj", "{59AC6FC8-95BD-464D-9273-4AC8A2DCC2FC}"
EndProject
Global
	GlobalSection(SolutionConfigurationPlatforms) = preSolution
		Debug|Any CPU = Debug|Any CPU
		Debug|x64 = Debug|x64
		Debug|x86 = Debug|x86
		Release|Any CPU = Release|Any CPU
		Release|x64 = Release|x64
		Release|x86 = Release|x86
	EndGlobalSection
	GlobalSection(ProjectConfigurationPlatforms) = postSolution
		{DC9E8E24-004B-4113-AAA1-BD20EBF66048}.Debug|Any CPU.ActiveCfg = Debug|Any CPU
		{DC9E8E24-004B-4113-AAA1-BD20EBF66048}.Debug|Any CPU.Build.0 = Debug|Any CPU
		{DC9E8E24-004B-4113-AAA1-BD20EBF66048}.Debug|x64.ActiveCfg = Debug|Any CPU
		{DC9E8E24-004B-4113-AAA1-BD20EBF66048}.Debug|x64.Build.0 = Debug|Any CPU
		{DC9E8E24-004B-4113-AAA1-BD20EBF66048}.Debug|x86.ActiveCfg = Debug|Any CPU
		{DC9E8E24-004B-4113-AAA1-BD20EBF66048}.Debug|x86.Build.0 = Debug|Any CPU
		{DC9E8E24-004B-4113-AAA1-BD20EBF66048}.Release|Any CPU.ActiveCfg = Release|Any CPU
		{DC9E8E24-004B-4113-AAA1-BD20EBF66048}.Release|Any CPU.Build.0 = Release|Any CPU
		{DC9E8E24-004B-4113-AAA1-BD20EBF66048}.Release|x64.ActiveCfg = Release|Any CPU
		{DC9E8E24-004B-4113-AAA1-BD20EBF66048}.Release|x64.Build.0 = Release|Any CPU
		{DC9E8E24-004B-4113-AAA1-BD20EBF66048}.Release|x86.ActiveCfg = Release|Any CPU
		{DC9E8E24-004B-4113-AAA1-BD20EBF66048}.Release|x86.Build.0 = Release|Any CPU
		{6C3A4CB1-1C65-4E4D-8826-F7CD033A9377}.Debug|Any CPU.ActiveCfg = Debug|Any CPU
		{6C3A4CB1-1C65-4E4D-8826-F7CD033A9377}.Debug|Any CPU.Build.0 = Debug|Any CPU
		{6C3A4CB1-1C65-4E4D-8826-F7CD033A9377}.Debug|x64.ActiveCfg = Debug|Any CPU
		{6C3A4CB1-1C65-4E4D-8826-F7CD033A9377}.Debug|x64.Build.0 = Debug|Any CPU
		{6C3A4CB1-1C65-4E4D-8826-F7CD033A9377}.Debug|x86.ActiveCfg = Debug|Any CPU
		{6C3A4CB1-1C65-4E4D-8826-F7CD033A9377}.Debug|x86.Build.0 = Debug|Any CPU
		{6C3A4CB1-1C65-4E4D-8826-F7CD033A9377}.Release|Any CPU.ActiveCfg = Release|Any CPU
		{6C3A4CB1-1C65-4E4D-8826-F7CD033A9377}.Release|Any CPU.Build.0 = Release|Any CPU
		{6C3A4CB1-1C65-4E4D-8826-F7CD033A9377}.Release|x64.ActiveCfg = Release|Any CPU
		{6C3A4CB1-1C65-4E4D-8826-F7CD033A9377}.Release|x64.Build.0 = Release|Any CPU
		{6C3A4CB1-1C65-4E4D-8826-F7CD033A9377}.Release|x86.ActiveCfg = Release|Any CPU
		{6C3A4CB1-1C65-4E4D-8826-F7CD033A9377}.Release|x86.Build.0 = Release|Any CPU
		{8AD43BA1-544B-4C92-8BA4-84AB08E94CDF}.Debug|Any CPU.ActiveCfg = Debug|Any CPU
		{8AD43BA1-544B-4C92-8BA4-84AB08E94CDF}.Debug|Any CPU.Build.0 = Debug|Any CPU
		{8AD43BA1-544B-4C92-8BA4-84AB08E94CDF}.Debug|x64.ActiveCfg = Debug|Any CPU
		{8AD43BA1-544B-4C92-8BA4-84AB08E94CDF}.Debug|x64.Build.0 = Debug|Any CPU
		{8AD43BA1-544B-4C92-8BA4-84AB08E94CDF}.Debug|x86.ActiveCfg = Debug|Any CPU
		{8AD43BA1-544B-4C92-8BA4-84AB08E94CDF}.Debug|x86.Build.0 = Debug|Any CPU
		{8AD43BA1-544B-4C92-8BA4-84AB08E94CDF}.Release|Any CPU.ActiveCfg = Release|Any CPU
		{8AD43BA1-544B-4C92-8BA4-84AB08E94CDF}.Release|Any CPU.Build.0 = Release|Any CPU
		{8AD43BA1-544B-4C92-8BA4-84AB08E94CDF}.Release|x64.ActiveCfg = Release|Any CPU
		{8AD43BA1-544B-4C92-8BA4-84AB08E94CDF}.Release|x64.Build.0 = Release|Any CPU
		{8AD43BA1-544B-4C92-8BA4-84AB08E94CDF}.Release|x86.ActiveCfg = Release|Any CPU
		{8AD43BA1-544B-4C92-8BA4-84AB08E94CDF}.Release|x86.Build.0 = Release|Any CPU
		{59AC6FC8-95BD-464D-9273-4AC8A2DCC2FC}.Debug|Any CPU.ActiveCfg = Debug|Any CPU
		{59AC6FC8-95BD-464D-9273-4AC8A2DCC2FC}.Debug|Any CPU.Build.0 = Debug|Any CPU
		{59AC6FC8-95BD-464D-9273-4AC8A2DCC2FC}.Debug|x64.ActiveCfg = Debug|Any CPU
		{59AC6FC8-95BD-464D-9273-4AC8A2DCC2FC}.Debug|x64.Build.0 = Debug|Any CPU
		{59AC6FC8-95BD-464D-9273-4AC8A2DCC2FC}.Debug|x86.ActiveCfg = Debug|Any CPU
		{59AC6FC8-95BD-464D-9273-4AC8A2DCC2FC}.Debug|x86.Build.0 = Debug|Any CPU
		{59AC6FC8-95BD-464D-9273-4AC8A2DCC2FC}.Release|Any CPU.ActiveCfg = Release|Any CPU
		{59AC6FC8-95BD-464D-9273-4AC8A2DCC2FC}.Release|Any CPU.Build.0 = Release|Any CPU
		{59AC6FC8-95BD-464D-9273-4AC8A2DCC2FC}.Release|x64.ActiveCfg = Release|Any CPU
		{59AC6FC8-95BD-464D-9273-4AC8A2DCC2FC}.Release|x64.Build.0 = Release|Any CPU
		{59AC6FC8-95BD-464D-9273-4AC8A2DCC2FC}.Release|x86.ActiveCfg = Release|Any CPU
		{59AC6FC8-95BD-464D-9273-4AC8A2DCC2FC}.Release|x86.Build.0 = Release|Any CPU
	EndGlobalSection
	GlobalSection(SolutionProperties) = preSolution
		HideSolutionNode = FALSE
	EndGlobalSection
	GlobalSection(NestedProjects) = preSolution
		{81034408-37C8-1011-444E-4C15C2FADA8E} = {827E0CD3-B72D-47B6-A68D-7590B98EB39B}
		{DC9E8E24-004B-4113-AAA1-BD20EBF66048} = {81034408-37C8-1011-444E-4C15C2FADA8E}
		{8D626EA8-CB54-BC41-363A-217881BEBA6E} = {827E0CD3-B72D-47B6-A68D-7590B98EB39B}
		{6C3A4CB1-1C65-4E4D-8826-F7CD033A9377} = {8D626EA8-CB54-BC41-363A-217881BEBA6E}
		{9048EB7F-3875-A59E-E36B-5BD4C6F2A282} = {827E0CD3-B72D-47B6-A68D-7590B98EB39B}
		{8AD43BA1-544B-4C92-8BA4-84AB08E94CDF} = {9048EB7F-3875-A59E-E36B-5BD4C6F2A282}
		{59AC6FC8-95BD-464D-9273-4AC8A2DCC2FC} = {0AB3BF05-4346-4AA6-1389-037BE0695223}
	EndGlobalSection
EndGlobal
